
Microsoft Visual Studio Solution File, Format Version 12.00
# Visual Studio 15
VisualStudioVersion = 15.0.27004.2005
MinimumVisualStudioVersion = 10.0.40219.1
Project("{FAE04EC0-301F-11D3-BF4B-00C04F79EFBC}") = "Watchman", "Watchman\Watchman.csproj", "{39B1FF9A-C338-4D48-956C-62052EC16070}"
EndProject
Global
	GlobalSection(SolutionConfigurationPlatforms) = preSolution
		Debug|Any CPU = Debug|Any CPU
		Release|Any CPU = Release|Any CPU
	EndGlobalSection
	GlobalSection(ProjectConfigurationPlatforms) = postSolution
		{39B1FF9A-C338-4D48-956C-62052EC16070}.Debug|Any CPU.ActiveCfg = Debug|Any CPU
		{39B1FF9A-C338-4D48-956C-62052EC16070}.Debug|Any CPU.Build.0 = Debug|Any CPU
		{39B1FF9A-C338-4D48-956C-62052EC16070}.Release|Any CPU.ActiveCfg = Release|Any CPU
		{39B1FF9A-C338-4D48-956C-62052EC16070}.Release|Any CPU.Build.0 = Release|Any CPU
	EndGlobalSection
	GlobalSection(SolutionProperties) = preSolution
		HideSolutionNode = FALSE
	EndGlobalSection
	GlobalSection(ExtensibilityGlobals) = postSolution
		SolutionGuid = {DFF19269-2CE4-4DD9-B682-2C40F14F6CB8}
	EndGlobalSection
EndGlobal
